
Microsoft Visual Studio Solution File, Format Version 12.00
# Visual Studio 15
VisualStudioVersion = 15.0.27004.2009
MinimumVisualStudioVersion = 10.0.40219.1
Project("{FAE04EC0-301F-11D3-BF4B-00C04F79EFBC}") = "Module01_CS", "Module01_CS\Module01_CS.csproj", "{ED61EF61-2518-4358-9274-AF90546F16DC}"
EndProject
Project("{2150E333-8FDC-42A3-9474-1A3956D46DE8}") = "PlayGround", "PlayGround", "{614BAE00-84EB-47BC-8C41-71B6E2131A8C}"
EndProject
Project("{2150E333-8FDC-42A3-9474-1A3956D46DE8}") = "Assignments", "Assignments", "{5E1B2542-C3EE-4515-8C83-C8E805B50E0F}"
EndProject
Project("{FAE04EC0-301F-11D3-BF4B-00C04F79EFBC}") = "Module02_HelloWorld", "Module02_HelloWorld\Module02_HelloWorld.csproj", "{3B404ABE-B1C1-4EB1-A581-63703EEFA401}"
EndProject
Project("{FAE04EC0-301F-11D3-BF4B-00C04F79EFBC}") = "Module03_ValueTypes", "Module03_ValueTypes\Module03_ValueTypes.csproj", "{52314A04-A84B-4053-A6DE-837C39AAA4A2}"
EndProject
Project("{FAE04EC0-301F-11D3-BF4B-00C04F79EFBC}") = "Module04_ReferenceTypes", "Module04_ReferenceTypes\Module04_ReferenceTypes.csproj", "{224C681D-ACDD-48F7-9929-4B111EF0D1B9}"
EndProject
Project("{FAE04EC0-301F-11D3-BF4B-00C04F79EFBC}") = "Module05_Methods", "Module05_Methods\Module05_Methods.csproj", "{779B2028-C640-4905-A36D-A83A043ACA82}"
EndProject
Project("{FAE04EC0-301F-11D3-BF4B-00C04F79EFBC}") = "Module08_Inheritance", "Module08_Inheritance\Module08_Inheritance.csproj", "{C6A5C699-6257-4CDE-9C12-70502FDC05E5}"
EndProject
Project("{FAE04EC0-301F-11D3-BF4B-00C04F79EFBC}") = "Module09_ExceptionHandling", "Module09_ExceptionHandling\Module09_ExceptionHandling.csproj", "{BD24CAA3-9A99-4922-B73F-2A1F55486AFF}"
EndProject
Project("{FAE04EC0-301F-11D3-BF4B-00C04F79EFBC}") = "Module10_Interfaces", "Module10_Interfaces\Module10_Interfaces.csproj", "{D483641F-1FC6-47B3-A957-AC7771E1114D}"
EndProject
Project("{FAE04EC0-301F-11D3-BF4B-00C04F79EFBC}") = "Module11_Collections", "Module11_Collections\Module11_Collections.csproj", "{5A6D04FF-61B6-4466-AC97-072ED4CEBA4C}"
EndProject
Project("{FAE04EC0-301F-11D3-BF4B-00C04F79EFBC}") = "Module12_Delegates", "Module12_Delegates\Module12_Delegates.csproj", "{5A1F3DDC-9D77-418A-83F2-DC422391FEB4}"
EndProject
Project("{FAE04EC0-301F-11D3-BF4B-00C04F79EFBC}") = "Module13_Avanced", "Module13_Avanced\Module13_Avanced.csproj", "{1E76C25D-E3DE-46A6-85F2-AD0D99FDD13C}"
EndProject
Project("{FAE04EC0-301F-11D3-BF4B-00C04F79EFBC}") = "Module14_LINQ", "Module14_LINQ\Module14_LINQ.csproj", "{26A8998B-29FB-4676-A5E2-42C60E15D61E}"
EndProject
Project("{FAE04EC0-301F-11D3-BF4B-00C04F79EFBC}") = "Module06_IntroOOP", "Module06_IntroOOP\Module06_IntroOOP.csproj", "{1ADB742F-AFC9-48E4-A036-484829B78DFF}"
EndProject
Project("{FAE04EC0-301F-11D3-BF4B-00C04F79EFBC}") = "Module07_Properties", "Module07_Properties\Module07_Properties.csproj", "{76322B76-8542-4732-B944-23F75E811409}"
EndProject
Project("{FAE04EC0-301F-11D3-BF4B-00C04F79EFBC}") = "HelloWorld", "ConsoleApp1\HelloWorld.csproj", "{49C320EB-FDF1-4FD8-ACF6-52CCE1CD98AD}"
EndProject
Project("{FAE04EC0-301F-11D3-BF4B-00C04F79EFBC}") = "03Variabler", "03Variabler\03Variabler.csproj", "{AFC3A04A-A11A-4CA8-9BF1-5B92438CFDBD}"
EndProject
Project("{FAE04EC0-301F-11D3-BF4B-00C04F79EFBC}") = "Opgave04Månedsløn", "Opgave04Månedsløn\Opgave04Månedsløn.csproj", "{565C6FCD-A807-4B16-BF7D-2D44EBECCEA3}"
EndProject
Project("{FAE04EC0-301F-11D3-BF4B-00C04F79EFBC}") = "OpgaveForskelVærdiReference", "OpgaveForskelVærdiReference\OpgaveForskelVærdiReference.csproj", "{395613F3-4034-4E62-9F57-465DB32EA6BA}"
EndProject
Project("{FAE04EC0-301F-11D3-BF4B-00C04F79EFBC}") = "OpgaveStrenge", "OpgaveStrenge\OpgaveStrenge.csproj", "{2D75BB35-9458-4937-A90A-CB57B69CA9C6}"
EndProject
Project("{FAE04EC0-301F-11D3-BF4B-00C04F79EFBC}") = "Opgave10Tabel", "Opgave10Tabel\Opgave10Tabel.csproj", "{9B3C8510-E688-4A7D-B23A-AB8B597CC570}"
EndProject
Project("{FAE04EC0-301F-11D3-BF4B-00C04F79EFBC}") = "OpgaveSmåMetoder", "OpgaveSmåMetoder\OpgaveSmåMetoder.csproj", "{9959366B-31B2-4A1A-BDE8-48C19DA22B38}"
EndProject
Project("{FAE04EC0-301F-11D3-BF4B-00C04F79EFBC}") = "BeregnArray", "BeregnArray\BeregnArray.csproj", "{1E6C593E-0AB1-4325-A03D-5D8306846452}"
EndProject
Project("{FAE04EC0-301F-11D3-BF4B-00C04F79EFBC}") = "Overload", "Overload\Overload.csproj", "{7BDB52B3-3726-46E8-9FB9-54A6949A94C9}"
EndProject
Project("{FAE04EC0-301F-11D3-BF4B-00C04F79EFBC}") = "BeregnArray2", "BeregnArray2\BeregnArray2.csproj", "{EC729297-4403-47B3-ACF3-BFA085E34F6D}"
EndProject
Project("{FAE04EC0-301F-11D3-BF4B-00C04F79EFBC}") = "SimpelKlasse", "SimpelKlasse\SimpelKlasse.csproj", "{CD505CAD-007F-4A88-AA2E-120937B779FC}"
EndProject
Project("{FAE04EC0-301F-11D3-BF4B-00C04F79EFBC}") = "Terning", "Terning\Terning.csproj", "{6464C2C2-E8EC-49F6-AEF7-8163D53538CC}"
EndProject
Project("{FAE04EC0-301F-11D3-BF4B-00C04F79EFBC}") = "Egenskaber", "Egenskaber\Egenskaber.csproj", "{5F6B9220-60D2-4959-B888-5A35F30D7DC7}"
EndProject
Project("{FAE04EC0-301F-11D3-BF4B-00C04F79EFBC}") = "Egenskaber2", "Egenskaber2\Egenskaber2.csproj", "{F7534209-88AA-4E09-B6C7-6314A8613A24}"
EndProject
Project("{FAE04EC0-301F-11D3-BF4B-00C04F79EFBC}") = "Terningspil", "TerningAvanceret\Terningspil.csproj", "{C9239C95-8B91-45B0-B3AB-D2DDDFE7F764}"
EndProject
Project("{FAE04EC0-301F-11D3-BF4B-00C04F79EFBC}") = "ArealBeregninger", "ArealBeregninger\ArealBeregninger.csproj", "{20A9F46C-31A0-48B7-9F1C-2B7964F224AD}"
EndProject
Project("{FAE04EC0-301F-11D3-BF4B-00C04F79EFBC}") = "Arv", "Arv\Arv.csproj", "{C599EE63-756D-4EA2-B783-8E3C9BE9A760}"
EndProject
Project("{FAE04EC0-301F-11D3-BF4B-00C04F79EFBC}") = "DyrPolymorfi", "DyrPolymorfi\DyrPolymorfi.csproj", "{9F280685-8171-43CF-AE63-FE551DF5933A}"
EndProject
Project("{FAE04EC0-301F-11D3-BF4B-00C04F79EFBC}") = "UdvidetRandom", "UdvidetRandom\UdvidetRandom.csproj", "{95BF6DB8-1565-4AE7-888D-010C3D3FDB46}"
EndProject
Project("{FAE04EC0-301F-11D3-BF4B-00C04F79EFBC}") = "SimpelFejlhåndtering", "SimpelFejlhåndtering\SimpelFejlhåndtering.csproj", "{C34948BD-871E-4F49-A0CC-53342158D3A0}"
EndProject
Project("{FAE04EC0-301F-11D3-BF4B-00C04F79EFBC}") = "NLog", "NLog\NLog.csproj", "{B7403881-69C3-4F5D-AD4B-C505E6555B10}"
EndProject
Project("{FAE04EC0-301F-11D3-BF4B-00C04F79EFBC}") = "KlasserOgArrays", "ConsoleApp2\KlasserOgArrays.csproj", "{630328FC-6329-44A1-9F0D-89452DAC0DB7}"
EndProject
Project("{FAE04EC0-301F-11D3-BF4B-00C04F79EFBC}") = "Teknologisk.MinApp", "SummeringKlasser\Teknologisk.MinApp.csproj", "{4401D7DC-26F0-453A-821B-99D145F6C2E4}"
EndProject
Project("{FAE04EC0-301F-11D3-BF4B-00C04F79EFBC}") = "Nedarvning", "Nedarvning\Nedarvning.csproj", "{2AAB1B21-8C39-434A-923D-B51A3BE4E01C}"
EndProject
Project("{FAE04EC0-301F-11D3-BF4B-00C04F79EFBC}") = "NedarvningPolymorfi", "NedarvningPolymorfi\NedarvningPolymorfi.csproj", "{F4A38ED2-FB52-4EDC-960B-2A36E472499B}"
EndProject
Project("{FAE04EC0-301F-11D3-BF4B-00C04F79EFBC}") = "EgetInterface", "EgetInterface\EgetInterface.csproj", "{26213D17-09C7-4BB7-9206-50BF3854C830}"
EndProject
Project("{FAE04EC0-301F-11D3-BF4B-00C04F79EFBC}") = "Compare", "Compare\Compare.csproj", "{E9099081-15AC-4A88-B1FE-89E3BB621178}"
EndProject
Project("{FAE04EC0-301F-11D3-BF4B-00C04F79EFBC}") = "BrugUsing", "BrugUsing\BrugUsing.csproj", "{124A059D-E02F-4C06-92DF-38E366FECF51}"
EndProject
Project("{FAE04EC0-301F-11D3-BF4B-00C04F79EFBC}") = "Collection", "Collection\Collection.csproj", "{D6901249-21F2-4932-873D-48DC2E7BBE01}"
EndProject
Project("{FAE04EC0-301F-11D3-BF4B-00C04F79EFBC}") = "CollectionKort", "CollectionKort\CollectionKort.csproj", "{45ADAEAD-8F61-498F-B350-FF8BD304889B}"
EndProject
Project("{FAE04EC0-301F-11D3-BF4B-00C04F79EFBC}") = "GenetiskKlasse", "GenetiskKlasse\GenetiskKlasse.csproj", "{45FA6043-BA08-48A3-9946-B0E504A8E2D2}"
EndProject
Project("{FAE04EC0-301F-11D3-BF4B-00C04F79EFBC}") = "Swap", "Swap\Swap.csproj", "{2541B9C2-BBD6-4775-B056-0664156D84E7}"
EndProject
Project("{FAE04EC0-301F-11D3-BF4B-00C04F79EFBC}") = "DelegateBeregn", "DelegateBeregn\DelegateBeregn.csproj", "{4F6DA1DF-2710-4EFD-84BF-8419FBF175F2}"
EndProject
Global
	GlobalSection(SolutionConfigurationPlatforms) = preSolution
		Debug|Any CPU = Debug|Any CPU
		Release|Any CPU = Release|Any CPU
	EndGlobalSection
	GlobalSection(ProjectConfigurationPlatforms) = postSolution
		{ED61EF61-2518-4358-9274-AF90546F16DC}.Debug|Any CPU.ActiveCfg = Debug|Any CPU
		{ED61EF61-2518-4358-9274-AF90546F16DC}.Debug|Any CPU.Build.0 = Debug|Any CPU
		{ED61EF61-2518-4358-9274-AF90546F16DC}.Release|Any CPU.ActiveCfg = Release|Any CPU
		{ED61EF61-2518-4358-9274-AF90546F16DC}.Release|Any CPU.Build.0 = Release|Any CPU
		{3B404ABE-B1C1-4EB1-A581-63703EEFA401}.Debug|Any CPU.ActiveCfg = Debug|Any CPU
		{3B404ABE-B1C1-4EB1-A581-63703EEFA401}.Debug|Any CPU.Build.0 = Debug|Any CPU
		{3B404ABE-B1C1-4EB1-A581-63703EEFA401}.Release|Any CPU.ActiveCfg = Release|Any CPU
		{3B404ABE-B1C1-4EB1-A581-63703EEFA401}.Release|Any CPU.Build.0 = Release|Any CPU
		{52314A04-A84B-4053-A6DE-837C39AAA4A2}.Debug|Any CPU.ActiveCfg = Debug|Any CPU
		{52314A04-A84B-4053-A6DE-837C39AAA4A2}.Debug|Any CPU.Build.0 = Debug|Any CPU
		{52314A04-A84B-4053-A6DE-837C39AAA4A2}.Release|Any CPU.ActiveCfg = Release|Any CPU
		{52314A04-A84B-4053-A6DE-837C39AAA4A2}.Release|Any CPU.Build.0 = Release|Any CPU
		{224C681D-ACDD-48F7-9929-4B111EF0D1B9}.Debug|Any CPU.ActiveCfg = Debug|Any CPU
		{224C681D-ACDD-48F7-9929-4B111EF0D1B9}.Debug|Any CPU.Build.0 = Debug|Any CPU
		{224C681D-ACDD-48F7-9929-4B111EF0D1B9}.Release|Any CPU.ActiveCfg = Release|Any CPU
		{224C681D-ACDD-48F7-9929-4B111EF0D1B9}.Release|Any CPU.Build.0 = Release|Any CPU
		{779B2028-C640-4905-A36D-A83A043ACA82}.Debug|Any CPU.ActiveCfg = Debug|Any CPU
		{779B2028-C640-4905-A36D-A83A043ACA82}.Debug|Any CPU.Build.0 = Debug|Any CPU
		{779B2028-C640-4905-A36D-A83A043ACA82}.Release|Any CPU.ActiveCfg = Release|Any CPU
		{779B2028-C640-4905-A36D-A83A043ACA82}.Release|Any CPU.Build.0 = Release|Any CPU
		{C6A5C699-6257-4CDE-9C12-70502FDC05E5}.Debug|Any CPU.ActiveCfg = Debug|Any CPU
		{C6A5C699-6257-4CDE-9C12-70502FDC05E5}.Debug|Any CPU.Build.0 = Debug|Any CPU
		{C6A5C699-6257-4CDE-9C12-70502FDC05E5}.Release|Any CPU.ActiveCfg = Release|Any CPU
		{C6A5C699-6257-4CDE-9C12-70502FDC05E5}.Release|Any CPU.Build.0 = Release|Any CPU
		{BD24CAA3-9A99-4922-B73F-2A1F55486AFF}.Debug|Any CPU.ActiveCfg = Debug|Any CPU
		{BD24CAA3-9A99-4922-B73F-2A1F55486AFF}.Debug|Any CPU.Build.0 = Debug|Any CPU
		{BD24CAA3-9A99-4922-B73F-2A1F55486AFF}.Release|Any CPU.ActiveCfg = Release|Any CPU
		{BD24CAA3-9A99-4922-B73F-2A1F55486AFF}.Release|Any CPU.Build.0 = Release|Any CPU
		{D483641F-1FC6-47B3-A957-AC7771E1114D}.Debug|Any CPU.ActiveCfg = Debug|Any CPU
		{D483641F-1FC6-47B3-A957-AC7771E1114D}.Debug|Any CPU.Build.0 = Debug|Any CPU
		{D483641F-1FC6-47B3-A957-AC7771E1114D}.Release|Any CPU.ActiveCfg = Release|Any CPU
		{D483641F-1FC6-47B3-A957-AC7771E1114D}.Release|Any CPU.Build.0 = Release|Any CPU
		{5A6D04FF-61B6-4466-AC97-072ED4CEBA4C}.Debug|Any CPU.ActiveCfg = Debug|Any CPU
		{5A6D04FF-61B6-4466-AC97-072ED4CEBA4C}.Debug|Any CPU.Build.0 = Debug|Any CPU
		{5A6D04FF-61B6-4466-AC97-072ED4CEBA4C}.Release|Any CPU.ActiveCfg = Release|Any CPU
		{5A6D04FF-61B6-4466-AC97-072ED4CEBA4C}.Release|Any CPU.Build.0 = Release|Any CPU
		{5A1F3DDC-9D77-418A-83F2-DC422391FEB4}.Debug|Any CPU.ActiveCfg = Debug|Any CPU
		{5A1F3DDC-9D77-418A-83F2-DC422391FEB4}.Debug|Any CPU.Build.0 = Debug|Any CPU
		{5A1F3DDC-9D77-418A-83F2-DC422391FEB4}.Release|Any CPU.ActiveCfg = Release|Any CPU
		{5A1F3DDC-9D77-418A-83F2-DC422391FEB4}.Release|Any CPU.Build.0 = Release|Any CPU
		{1E76C25D-E3DE-46A6-85F2-AD0D99FDD13C}.Debug|Any CPU.ActiveCfg = Debug|Any CPU
		{1E76C25D-E3DE-46A6-85F2-AD0D99FDD13C}.Debug|Any CPU.Build.0 = Debug|Any CPU
		{1E76C25D-E3DE-46A6-85F2-AD0D99FDD13C}.Release|Any CPU.ActiveCfg = Release|Any CPU
		{1E76C25D-E3DE-46A6-85F2-AD0D99FDD13C}.Release|Any CPU.Build.0 = Release|Any CPU
		{26A8998B-29FB-4676-A5E2-42C60E15D61E}.Debug|Any CPU.ActiveCfg = Debug|Any CPU
		{26A8998B-29FB-4676-A5E2-42C60E15D61E}.Debug|Any CPU.Build.0 = Debug|Any CPU
		{26A8998B-29FB-4676-A5E2-42C60E15D61E}.Release|Any CPU.ActiveCfg = Release|Any CPU
		{26A8998B-29FB-4676-A5E2-42C60E15D61E}.Release|Any CPU.Build.0 = Release|Any CPU
		{1ADB742F-AFC9-48E4-A036-484829B78DFF}.Debug|Any CPU.ActiveCfg = Debug|Any CPU
		{1ADB742F-AFC9-48E4-A036-484829B78DFF}.Debug|Any CPU.Build.0 = Debug|Any CPU
		{1ADB742F-AFC9-48E4-A036-484829B78DFF}.Release|Any CPU.ActiveCfg = Release|Any CPU
		{1ADB742F-AFC9-48E4-A036-484829B78DFF}.Release|Any CPU.Build.0 = Release|Any CPU
		{76322B76-8542-4732-B944-23F75E811409}.Debug|Any CPU.ActiveCfg = Debug|Any CPU
		{76322B76-8542-4732-B944-23F75E811409}.Debug|Any CPU.Build.0 = Debug|Any CPU
		{76322B76-8542-4732-B944-23F75E811409}.Release|Any CPU.ActiveCfg = Release|Any CPU
		{76322B76-8542-4732-B944-23F75E811409}.Release|Any CPU.Build.0 = Release|Any CPU
		{49C320EB-FDF1-4FD8-ACF6-52CCE1CD98AD}.Debug|Any CPU.ActiveCfg = Debug|Any CPU
		{49C320EB-FDF1-4FD8-ACF6-52CCE1CD98AD}.Debug|Any CPU.Build.0 = Debug|Any CPU
		{49C320EB-FDF1-4FD8-ACF6-52CCE1CD98AD}.Release|Any CPU.ActiveCfg = Release|Any CPU
		{49C320EB-FDF1-4FD8-ACF6-52CCE1CD98AD}.Release|Any CPU.Build.0 = Release|Any CPU
		{AFC3A04A-A11A-4CA8-9BF1-5B92438CFDBD}.Debug|Any CPU.ActiveCfg = Debug|Any CPU
		{AFC3A04A-A11A-4CA8-9BF1-5B92438CFDBD}.Debug|Any CPU.Build.0 = Debug|Any CPU
		{AFC3A04A-A11A-4CA8-9BF1-5B92438CFDBD}.Release|Any CPU.ActiveCfg = Release|Any CPU
		{AFC3A04A-A11A-4CA8-9BF1-5B92438CFDBD}.Release|Any CPU.Build.0 = Release|Any CPU
		{565C6FCD-A807-4B16-BF7D-2D44EBECCEA3}.Debug|Any CPU.ActiveCfg = Debug|Any CPU
		{565C6FCD-A807-4B16-BF7D-2D44EBECCEA3}.Debug|Any CPU.Build.0 = Debug|Any CPU
		{565C6FCD-A807-4B16-BF7D-2D44EBECCEA3}.Release|Any CPU.ActiveCfg = Release|Any CPU
		{565C6FCD-A807-4B16-BF7D-2D44EBECCEA3}.Release|Any CPU.Build.0 = Release|Any CPU
		{395613F3-4034-4E62-9F57-465DB32EA6BA}.Debug|Any CPU.ActiveCfg = Debug|Any CPU
		{395613F3-4034-4E62-9F57-465DB32EA6BA}.Debug|Any CPU.Build.0 = Debug|Any CPU
		{395613F3-4034-4E62-9F57-465DB32EA6BA}.Release|Any CPU.ActiveCfg = Release|Any CPU
		{395613F3-4034-4E62-9F57-465DB32EA6BA}.Release|Any CPU.Build.0 = Release|Any CPU
		{2D75BB35-9458-4937-A90A-CB57B69CA9C6}.Debug|Any CPU.ActiveCfg = Debug|Any CPU
		{2D75BB35-9458-4937-A90A-CB57B69CA9C6}.Debug|Any CPU.Build.0 = Debug|Any CPU
		{2D75BB35-9458-4937-A90A-CB57B69CA9C6}.Release|Any CPU.ActiveCfg = Release|Any CPU
		{2D75BB35-9458-4937-A90A-CB57B69CA9C6}.Release|Any CPU.Build.0 = Release|Any CPU
		{9B3C8510-E688-4A7D-B23A-AB8B597CC570}.Debug|Any CPU.ActiveCfg = Debug|Any CPU
		{9B3C8510-E688-4A7D-B23A-AB8B597CC570}.Debug|Any CPU.Build.0 = Debug|Any CPU
		{9B3C8510-E688-4A7D-B23A-AB8B597CC570}.Release|Any CPU.ActiveCfg = Release|Any CPU
		{9B3C8510-E688-4A7D-B23A-AB8B597CC570}.Release|Any CPU.Build.0 = Release|Any CPU
		{9959366B-31B2-4A1A-BDE8-48C19DA22B38}.Debug|Any CPU.ActiveCfg = Debug|Any CPU
		{9959366B-31B2-4A1A-BDE8-48C19DA22B38}.Debug|Any CPU.Build.0 = Debug|Any CPU
		{9959366B-31B2-4A1A-BDE8-48C19DA22B38}.Release|Any CPU.ActiveCfg = Release|Any CPU
		{9959366B-31B2-4A1A-BDE8-48C19DA22B38}.Release|Any CPU.Build.0 = Release|Any CPU
		{1E6C593E-0AB1-4325-A03D-5D8306846452}.Debug|Any CPU.ActiveCfg = Debug|Any CPU
		{1E6C593E-0AB1-4325-A03D-5D8306846452}.Debug|Any CPU.Build.0 = Debug|Any CPU
		{1E6C593E-0AB1-4325-A03D-5D8306846452}.Release|Any CPU.ActiveCfg = Release|Any CPU
		{1E6C593E-0AB1-4325-A03D-5D8306846452}.Release|Any CPU.Build.0 = Release|Any CPU
		{7BDB52B3-3726-46E8-9FB9-54A6949A94C9}.Debug|Any CPU.ActiveCfg = Debug|Any CPU
		{7BDB52B3-3726-46E8-9FB9-54A6949A94C9}.Debug|Any CPU.Build.0 = Debug|Any CPU
		{7BDB52B3-3726-46E8-9FB9-54A6949A94C9}.Release|Any CPU.ActiveCfg = Release|Any CPU
		{7BDB52B3-3726-46E8-9FB9-54A6949A94C9}.Release|Any CPU.Build.0 = Release|Any CPU
		{EC729297-4403-47B3-ACF3-BFA085E34F6D}.Debug|Any CPU.ActiveCfg = Debug|Any CPU
		{EC729297-4403-47B3-ACF3-BFA085E34F6D}.Debug|Any CPU.Build.0 = Debug|Any CPU
		{EC729297-4403-47B3-ACF3-BFA085E34F6D}.Release|Any CPU.ActiveCfg = Release|Any CPU
		{EC729297-4403-47B3-ACF3-BFA085E34F6D}.Release|Any CPU.Build.0 = Release|Any CPU
		{CD505CAD-007F-4A88-AA2E-120937B779FC}.Debug|Any CPU.ActiveCfg = Debug|Any CPU
		{CD505CAD-007F-4A88-AA2E-120937B779FC}.Debug|Any CPU.Build.0 = Debug|Any CPU
		{CD505CAD-007F-4A88-AA2E-120937B779FC}.Release|Any CPU.ActiveCfg = Release|Any CPU
		{CD505CAD-007F-4A88-AA2E-120937B779FC}.Release|Any CPU.Build.0 = Release|Any CPU
		{6464C2C2-E8EC-49F6-AEF7-8163D53538CC}.Debug|Any CPU.ActiveCfg = Debug|Any CPU
		{6464C2C2-E8EC-49F6-AEF7-8163D53538CC}.Debug|Any CPU.Build.0 = Debug|Any CPU
		{6464C2C2-E8EC-49F6-AEF7-8163D53538CC}.Release|Any CPU.ActiveCfg = Release|Any CPU
		{6464C2C2-E8EC-49F6-AEF7-8163D53538CC}.Release|Any CPU.Build.0 = Release|Any CPU
		{5F6B9220-60D2-4959-B888-5A35F30D7DC7}.Debug|Any CPU.ActiveCfg = Debug|Any CPU
		{5F6B9220-60D2-4959-B888-5A35F30D7DC7}.Debug|Any CPU.Build.0 = Debug|Any CPU
		{5F6B9220-60D2-4959-B888-5A35F30D7DC7}.Release|Any CPU.ActiveCfg = Release|Any CPU
		{5F6B9220-60D2-4959-B888-5A35F30D7DC7}.Release|Any CPU.Build.0 = Release|Any CPU
		{F7534209-88AA-4E09-B6C7-6314A8613A24}.Debug|Any CPU.ActiveCfg = Debug|Any CPU
		{F7534209-88AA-4E09-B6C7-6314A8613A24}.Debug|Any CPU.Build.0 = Debug|Any CPU
		{F7534209-88AA-4E09-B6C7-6314A8613A24}.Release|Any CPU.ActiveCfg = Release|Any CPU
		{F7534209-88AA-4E09-B6C7-6314A8613A24}.Release|Any CPU.Build.0 = Release|Any CPU
		{C9239C95-8B91-45B0-B3AB-D2DDDFE7F764}.Debug|Any CPU.ActiveCfg = Debug|Any CPU
		{C9239C95-8B91-45B0-B3AB-D2DDDFE7F764}.Debug|Any CPU.Build.0 = Debug|Any CPU
		{C9239C95-8B91-45B0-B3AB-D2DDDFE7F764}.Release|Any CPU.ActiveCfg = Release|Any CPU
		{C9239C95-8B91-45B0-B3AB-D2DDDFE7F764}.Release|Any CPU.Build.0 = Release|Any CPU
		{20A9F46C-31A0-48B7-9F1C-2B7964F224AD}.Debug|Any CPU.ActiveCfg = Debug|Any CPU
		{20A9F46C-31A0-48B7-9F1C-2B7964F224AD}.Debug|Any CPU.Build.0 = Debug|Any CPU
		{20A9F46C-31A0-48B7-9F1C-2B7964F224AD}.Release|Any CPU.ActiveCfg = Release|Any CPU
		{20A9F46C-31A0-48B7-9F1C-2B7964F224AD}.Release|Any CPU.Build.0 = Release|Any CPU
		{C599EE63-756D-4EA2-B783-8E3C9BE9A760}.Debug|Any CPU.ActiveCfg = Debug|Any CPU
		{C599EE63-756D-4EA2-B783-8E3C9BE9A760}.Debug|Any CPU.Build.0 = Debug|Any CPU
		{C599EE63-756D-4EA2-B783-8E3C9BE9A760}.Release|Any CPU.ActiveCfg = Release|Any CPU
		{C599EE63-756D-4EA2-B783-8E3C9BE9A760}.Release|Any CPU.Build.0 = Release|Any CPU
		{9F280685-8171-43CF-AE63-FE551DF5933A}.Debug|Any CPU.ActiveCfg = Debug|Any CPU
		{9F280685-8171-43CF-AE63-FE551DF5933A}.Debug|Any CPU.Build.0 = Debug|Any CPU
		{9F280685-8171-43CF-AE63-FE551DF5933A}.Release|Any CPU.ActiveCfg = Release|Any CPU
		{9F280685-8171-43CF-AE63-FE551DF5933A}.Release|Any CPU.Build.0 = Release|Any CPU
		{95BF6DB8-1565-4AE7-888D-010C3D3FDB46}.Debug|Any CPU.ActiveCfg = Debug|Any CPU
		{95BF6DB8-1565-4AE7-888D-010C3D3FDB46}.Debug|Any CPU.Build.0 = Debug|Any CPU
		{95BF6DB8-1565-4AE7-888D-010C3D3FDB46}.Release|Any CPU.ActiveCfg = Release|Any CPU
		{95BF6DB8-1565-4AE7-888D-010C3D3FDB46}.Release|Any CPU.Build.0 = Release|Any CPU
		{C34948BD-871E-4F49-A0CC-53342158D3A0}.Debug|Any CPU.ActiveCfg = Debug|Any CPU
		{C34948BD-871E-4F49-A0CC-53342158D3A0}.Debug|Any CPU.Build.0 = Debug|Any CPU
		{C34948BD-871E-4F49-A0CC-53342158D3A0}.Release|Any CPU.ActiveCfg = Release|Any CPU
		{C34948BD-871E-4F49-A0CC-53342158D3A0}.Release|Any CPU.Build.0 = Release|Any CPU
		{B7403881-69C3-4F5D-AD4B-C505E6555B10}.Debug|Any CPU.ActiveCfg = Debug|Any CPU
		{B7403881-69C3-4F5D-AD4B-C505E6555B10}.Debug|Any CPU.Build.0 = Debug|Any CPU
		{B7403881-69C3-4F5D-AD4B-C505E6555B10}.Release|Any CPU.ActiveCfg = Release|Any CPU
		{B7403881-69C3-4F5D-AD4B-C505E6555B10}.Release|Any CPU.Build.0 = Release|Any CPU
		{630328FC-6329-44A1-9F0D-89452DAC0DB7}.Debug|Any CPU.ActiveCfg = Debug|Any CPU
		{630328FC-6329-44A1-9F0D-89452DAC0DB7}.Debug|Any CPU.Build.0 = Debug|Any CPU
		{630328FC-6329-44A1-9F0D-89452DAC0DB7}.Release|Any CPU.ActiveCfg = Release|Any CPU
		{630328FC-6329-44A1-9F0D-89452DAC0DB7}.Release|Any CPU.Build.0 = Release|Any CPU
		{4401D7DC-26F0-453A-821B-99D145F6C2E4}.Debug|Any CPU.ActiveCfg = Debug|Any CPU
		{4401D7DC-26F0-453A-821B-99D145F6C2E4}.Debug|Any CPU.Build.0 = Debug|Any CPU
		{4401D7DC-26F0-453A-821B-99D145F6C2E4}.Release|Any CPU.ActiveCfg = Release|Any CPU
		{4401D7DC-26F0-453A-821B-99D145F6C2E4}.Release|Any CPU.Build.0 = Release|Any CPU
		{2AAB1B21-8C39-434A-923D-B51A3BE4E01C}.Debug|Any CPU.ActiveCfg = Debug|Any CPU
		{2AAB1B21-8C39-434A-923D-B51A3BE4E01C}.Debug|Any CPU.Build.0 = Debug|Any CPU
		{2AAB1B21-8C39-434A-923D-B51A3BE4E01C}.Release|Any CPU.ActiveCfg = Release|Any CPU
		{2AAB1B21-8C39-434A-923D-B51A3BE4E01C}.Release|Any CPU.Build.0 = Release|Any CPU
		{F4A38ED2-FB52-4EDC-960B-2A36E472499B}.Debug|Any CPU.ActiveCfg = Debug|Any CPU
		{F4A38ED2-FB52-4EDC-960B-2A36E472499B}.Debug|Any CPU.Build.0 = Debug|Any CPU
		{F4A38ED2-FB52-4EDC-960B-2A36E472499B}.Release|Any CPU.ActiveCfg = Release|Any CPU
		{F4A38ED2-FB52-4EDC-960B-2A36E472499B}.Release|Any CPU.Build.0 = Release|Any CPU
		{26213D17-09C7-4BB7-9206-50BF3854C830}.Debug|Any CPU.ActiveCfg = Debug|Any CPU
		{26213D17-09C7-4BB7-9206-50BF3854C830}.Debug|Any CPU.Build.0 = Debug|Any CPU
		{26213D17-09C7-4BB7-9206-50BF3854C830}.Release|Any CPU.ActiveCfg = Release|Any CPU
		{26213D17-09C7-4BB7-9206-50BF3854C830}.Release|Any CPU.Build.0 = Release|Any CPU
		{E9099081-15AC-4A88-B1FE-89E3BB621178}.Debug|Any CPU.ActiveCfg = Debug|Any CPU
		{E9099081-15AC-4A88-B1FE-89E3BB621178}.Debug|Any CPU.Build.0 = Debug|Any CPU
		{E9099081-15AC-4A88-B1FE-89E3BB621178}.Release|Any CPU.ActiveCfg = Release|Any CPU
		{E9099081-15AC-4A88-B1FE-89E3BB621178}.Release|Any CPU.Build.0 = Release|Any CPU
		{124A059D-E02F-4C06-92DF-38E366FECF51}.Debug|Any CPU.ActiveCfg = Debug|Any CPU
		{124A059D-E02F-4C06-92DF-38E366FECF51}.Debug|Any CPU.Build.0 = Debug|Any CPU
		{124A059D-E02F-4C06-92DF-38E366FECF51}.Release|Any CPU.ActiveCfg = Release|Any CPU
		{124A059D-E02F-4C06-92DF-38E366FECF51}.Release|Any CPU.Build.0 = Release|Any CPU
		{D6901249-21F2-4932-873D-48DC2E7BBE01}.Debug|Any CPU.ActiveCfg = Debug|Any CPU
		{D6901249-21F2-4932-873D-48DC2E7BBE01}.Debug|Any CPU.Build.0 = Debug|Any CPU
		{D6901249-21F2-4932-873D-48DC2E7BBE01}.Release|Any CPU.ActiveCfg = Release|Any CPU
		{D6901249-21F2-4932-873D-48DC2E7BBE01}.Release|Any CPU.Build.0 = Release|Any CPU
		{45ADAEAD-8F61-498F-B350-FF8BD304889B}.Debug|Any CPU.ActiveCfg = Debug|Any CPU
		{45ADAEAD-8F61-498F-B350-FF8BD304889B}.Debug|Any CPU.Build.0 = Debug|Any CPU
		{45ADAEAD-8F61-498F-B350-FF8BD304889B}.Release|Any CPU.ActiveCfg = Release|Any CPU
		{45ADAEAD-8F61-498F-B350-FF8BD304889B}.Release|Any CPU.Build.0 = Release|Any CPU
		{45FA6043-BA08-48A3-9946-B0E504A8E2D2}.Debug|Any CPU.ActiveCfg = Debug|Any CPU
		{45FA6043-BA08-48A3-9946-B0E504A8E2D2}.Debug|Any CPU.Build.0 = Debug|Any CPU
		{45FA6043-BA08-48A3-9946-B0E504A8E2D2}.Release|Any CPU.ActiveCfg = Release|Any CPU
		{45FA6043-BA08-48A3-9946-B0E504A8E2D2}.Release|Any CPU.Build.0 = Release|Any CPU
		{2541B9C2-BBD6-4775-B056-0664156D84E7}.Debug|Any CPU.ActiveCfg = Debug|Any CPU
		{2541B9C2-BBD6-4775-B056-0664156D84E7}.Debug|Any CPU.Build.0 = Debug|Any CPU
		{2541B9C2-BBD6-4775-B056-0664156D84E7}.Release|Any CPU.ActiveCfg = Release|Any CPU
		{2541B9C2-BBD6-4775-B056-0664156D84E7}.Release|Any CPU.Build.0 = Release|Any CPU
		{4F6DA1DF-2710-4EFD-84BF-8419FBF175F2}.Debug|Any CPU.ActiveCfg = Debug|Any CPU
		{4F6DA1DF-2710-4EFD-84BF-8419FBF175F2}.Debug|Any CPU.Build.0 = Debug|Any CPU
		{4F6DA1DF-2710-4EFD-84BF-8419FBF175F2}.Release|Any CPU.ActiveCfg = Release|Any CPU
		{4F6DA1DF-2710-4EFD-84BF-8419FBF175F2}.Release|Any CPU.Build.0 = Release|Any CPU
	EndGlobalSection
	GlobalSection(SolutionProperties) = preSolution
		HideSolutionNode = FALSE
	EndGlobalSection
	GlobalSection(NestedProjects) = preSolution
		{ED61EF61-2518-4358-9274-AF90546F16DC} = {614BAE00-84EB-47BC-8C41-71B6E2131A8C}
		{3B404ABE-B1C1-4EB1-A581-63703EEFA401} = {614BAE00-84EB-47BC-8C41-71B6E2131A8C}
		{52314A04-A84B-4053-A6DE-837C39AAA4A2} = {614BAE00-84EB-47BC-8C41-71B6E2131A8C}
		{224C681D-ACDD-48F7-9929-4B111EF0D1B9} = {614BAE00-84EB-47BC-8C41-71B6E2131A8C}
		{779B2028-C640-4905-A36D-A83A043ACA82} = {614BAE00-84EB-47BC-8C41-71B6E2131A8C}
		{C6A5C699-6257-4CDE-9C12-70502FDC05E5} = {614BAE00-84EB-47BC-8C41-71B6E2131A8C}
		{BD24CAA3-9A99-4922-B73F-2A1F55486AFF} = {614BAE00-84EB-47BC-8C41-71B6E2131A8C}
		{D483641F-1FC6-47B3-A957-AC7771E1114D} = {614BAE00-84EB-47BC-8C41-71B6E2131A8C}
		{5A6D04FF-61B6-4466-AC97-072ED4CEBA4C} = {614BAE00-84EB-47BC-8C41-71B6E2131A8C}
		{5A1F3DDC-9D77-418A-83F2-DC422391FEB4} = {614BAE00-84EB-47BC-8C41-71B6E2131A8C}
		{1E76C25D-E3DE-46A6-85F2-AD0D99FDD13C} = {614BAE00-84EB-47BC-8C41-71B6E2131A8C}
		{26A8998B-29FB-4676-A5E2-42C60E15D61E} = {614BAE00-84EB-47BC-8C41-71B6E2131A8C}
		{1ADB742F-AFC9-48E4-A036-484829B78DFF} = {614BAE00-84EB-47BC-8C41-71B6E2131A8C}
		{76322B76-8542-4732-B944-23F75E811409} = {614BAE00-84EB-47BC-8C41-71B6E2131A8C}
		{49C320EB-FDF1-4FD8-ACF6-52CCE1CD98AD} = {5E1B2542-C3EE-4515-8C83-C8E805B50E0F}
		{AFC3A04A-A11A-4CA8-9BF1-5B92438CFDBD} = {5E1B2542-C3EE-4515-8C83-C8E805B50E0F}
		{565C6FCD-A807-4B16-BF7D-2D44EBECCEA3} = {5E1B2542-C3EE-4515-8C83-C8E805B50E0F}
		{395613F3-4034-4E62-9F57-465DB32EA6BA} = {5E1B2542-C3EE-4515-8C83-C8E805B50E0F}
		{2D75BB35-9458-4937-A90A-CB57B69CA9C6} = {5E1B2542-C3EE-4515-8C83-C8E805B50E0F}
		{9B3C8510-E688-4A7D-B23A-AB8B597CC570} = {5E1B2542-C3EE-4515-8C83-C8E805B50E0F}
		{9959366B-31B2-4A1A-BDE8-48C19DA22B38} = {5E1B2542-C3EE-4515-8C83-C8E805B50E0F}
		{1E6C593E-0AB1-4325-A03D-5D8306846452} = {5E1B2542-C3EE-4515-8C83-C8E805B50E0F}
		{7BDB52B3-3726-46E8-9FB9-54A6949A94C9} = {5E1B2542-C3EE-4515-8C83-C8E805B50E0F}
		{EC729297-4403-47B3-ACF3-BFA085E34F6D} = {5E1B2542-C3EE-4515-8C83-C8E805B50E0F}
		{CD505CAD-007F-4A88-AA2E-120937B779FC} = {5E1B2542-C3EE-4515-8C83-C8E805B50E0F}
		{6464C2C2-E8EC-49F6-AEF7-8163D53538CC} = {5E1B2542-C3EE-4515-8C83-C8E805B50E0F}
		{5F6B9220-60D2-4959-B888-5A35F30D7DC7} = {5E1B2542-C3EE-4515-8C83-C8E805B50E0F}
		{F7534209-88AA-4E09-B6C7-6314A8613A24} = {5E1B2542-C3EE-4515-8C83-C8E805B50E0F}
		{C9239C95-8B91-45B0-B3AB-D2DDDFE7F764} = {5E1B2542-C3EE-4515-8C83-C8E805B50E0F}
		{20A9F46C-31A0-48B7-9F1C-2B7964F224AD} = {5E1B2542-C3EE-4515-8C83-C8E805B50E0F}
		{C599EE63-756D-4EA2-B783-8E3C9BE9A760} = {5E1B2542-C3EE-4515-8C83-C8E805B50E0F}
		{9F280685-8171-43CF-AE63-FE551DF5933A} = {5E1B2542-C3EE-4515-8C83-C8E805B50E0F}
		{95BF6DB8-1565-4AE7-888D-010C3D3FDB46} = {5E1B2542-C3EE-4515-8C83-C8E805B50E0F}
		{C34948BD-871E-4F49-A0CC-53342158D3A0} = {5E1B2542-C3EE-4515-8C83-C8E805B50E0F}
		{B7403881-69C3-4F5D-AD4B-C505E6555B10} = {5E1B2542-C3EE-4515-8C83-C8E805B50E0F}
		{630328FC-6329-44A1-9F0D-89452DAC0DB7} = {5E1B2542-C3EE-4515-8C83-C8E805B50E0F}
		{4401D7DC-26F0-453A-821B-99D145F6C2E4} = {5E1B2542-C3EE-4515-8C83-C8E805B50E0F}
		{2AAB1B21-8C39-434A-923D-B51A3BE4E01C} = {5E1B2542-C3EE-4515-8C83-C8E805B50E0F}
		{F4A38ED2-FB52-4EDC-960B-2A36E472499B} = {5E1B2542-C3EE-4515-8C83-C8E805B50E0F}
		{26213D17-09C7-4BB7-9206-50BF3854C830} = {5E1B2542-C3EE-4515-8C83-C8E805B50E0F}
		{E9099081-15AC-4A88-B1FE-89E3BB621178} = {5E1B2542-C3EE-4515-8C83-C8E805B50E0F}
		{124A059D-E02F-4C06-92DF-38E366FECF51} = {5E1B2542-C3EE-4515-8C83-C8E805B50E0F}
		{D6901249-21F2-4932-873D-48DC2E7BBE01} = {5E1B2542-C3EE-4515-8C83-C8E805B50E0F}
		{45ADAEAD-8F61-498F-B350-FF8BD304889B} = {5E1B2542-C3EE-4515-8C83-C8E805B50E0F}
		{45FA6043-BA08-48A3-9946-B0E504A8E2D2} = {5E1B2542-C3EE-4515-8C83-C8E805B50E0F}
		{2541B9C2-BBD6-4775-B056-0664156D84E7} = {5E1B2542-C3EE-4515-8C83-C8E805B50E0F}
		{4F6DA1DF-2710-4EFD-84BF-8419FBF175F2} = {5E1B2542-C3EE-4515-8C83-C8E805B50E0F}
	EndGlobalSection
	GlobalSection(ExtensibilityGlobals) = postSolution
		SolutionGuid = {A5354BDA-3E12-4F48-8A32-DAFA5BEC4AA4}
	EndGlobalSection
EndGlobal
